
Microsoft Visual Studio Solution File, Format Version 12.00
# Visual Studio 15
Project("{FAE04EC0-301F-11D3-BF4B-00C04F79EFBC}") = "PlatformOyun", "Assembly-CSharp.csproj", "{16A3DACE-63AC-E185-1713-A1B7D7FBDFCF}"
EndProject
Project("{FAE04EC0-301F-11D3-BF4B-00C04F79EFBC}") = "PlatformOyun", "Assembly-CSharp-firstpass.csproj", "{F81302E0-05EA-84FC-F55F-F9098D98BED3}"
EndProject
Project("{FAE04EC0-301F-11D3-BF4B-00C04F79EFBC}") = "PlatformOyun", "Assembly-CSharp-Editor-firstpass.csproj", "{3F88D044-9461-2B57-EFEA-883531E24E09}"
EndProject
Global
	GlobalSection(SolutionConfigurationPlatforms) = preSolution
		Debug|Any CPU = Debug|Any CPU
		Release|Any CPU = Release|Any CPU
	EndGlobalSection
	GlobalSection(ProjectConfigurationPlatforms) = postSolution
		{16A3DACE-63AC-E185-1713-A1B7D7FBDFCF}.Debug|Any CPU.ActiveCfg = Debug|Any CPU
		{16A3DACE-63AC-E185-1713-A1B7D7FBDFCF}.Debug|Any CPU.Build.0 = Debug|Any CPU
		{16A3DACE-63AC-E185-1713-A1B7D7FBDFCF}.Release|Any CPU.ActiveCfg = Release|Any CPU
		{16A3DACE-63AC-E185-1713-A1B7D7FBDFCF}.Release|Any CPU.Build.0 = Release|Any CPU
		{F81302E0-05EA-84FC-F55F-F9098D98BED3}.Debug|Any CPU.ActiveCfg = Debug|Any CPU
		{F81302E0-05EA-84FC-F55F-F9098D98BED3}.Debug|Any CPU.Build.0 = Debug|Any CPU
		{F81302E0-05EA-84FC-F55F-F9098D98BED3}.Release|Any CPU.ActiveCfg = Release|Any CPU
		{F81302E0-05EA-84FC-F55F-F9098D98BED3}.Release|Any CPU.Build.0 = Release|Any CPU
		{3F88D044-9461-2B57-EFEA-883531E24E09}.Debug|Any CPU.ActiveCfg = Debug|Any CPU
		{3F88D044-9461-2B57-EFEA-883531E24E09}.Debug|Any CPU.Build.0 = Debug|Any CPU
		{3F88D044-9461-2B57-EFEA-883531E24E09}.Release|Any CPU.ActiveCfg = Release|Any CPU
		{3F88D044-9461-2B57-EFEA-883531E24E09}.Release|Any CPU.Build.0 = Release|Any CPU
	EndGlobalSection
	GlobalSection(SolutionProperties) = preSolution
		HideSolutionNode = FALSE
	EndGlobalSection
EndGlobal
